
Microsoft Visual Studio Solution File, Format Version 12.00
# Visual Studio Version 17
VisualStudioVersion = 17.8.34525.116
MinimumVisualStudioVersion = 10.0.40219.1
Project("{FAE04EC0-301F-11D3-BF4B-00C04F79EFBC}") = "BookStore.InventoryService", "BookStore.InventoryService\BookStore.InventoryService.csproj", "{EB1ED48D-34B6-4584-AF11-3E947E981D9A}"
EndProject
Project("{FAE04EC0-301F-11D3-BF4B-00C04F79EFBC}") = "BookStore.StorageService", "BookStore.StorageService\BookStore.StorageService.csproj", "{DD20C8F0-582D-4281-A918-BEA992504D28}"
EndProject
Global
	GlobalSection(SolutionConfigurationPlatforms) = preSolution
		Debug|Any CPU = Debug|Any CPU
		Release|Any CPU = Release|Any CPU
	EndGlobalSection
	GlobalSection(ProjectConfigurationPlatforms) = postSolution
		{EB1ED48D-34B6-4584-AF11-3E947E981D9A}.Debug|Any CPU.ActiveCfg = Debug|Any CPU
		{EB1ED48D-34B6-4584-AF11-3E947E981D9A}.Debug|Any CPU.Build.0 = Debug|Any CPU
		{EB1ED48D-34B6-4584-AF11-3E947E981D9A}.Release|Any CPU.ActiveCfg = Release|Any CPU
		{EB1ED48D-34B6-4584-AF11-3E947E981D9A}.Release|Any CPU.Build.0 = Release|Any CPU
		{DD20C8F0-582D-4281-A918-BEA992504D28}.Debug|Any CPU.ActiveCfg = Debug|Any CPU
		{DD20C8F0-582D-4281-A918-BEA992504D28}.Debug|Any CPU.Build.0 = Debug|Any CPU
		{DD20C8F0-582D-4281-A918-BEA992504D28}.Release|Any CPU.ActiveCfg = Release|Any CPU
		{DD20C8F0-582D-4281-A918-BEA992504D28}.Release|Any CPU.Build.0 = Release|Any CPU
	EndGlobalSection
	GlobalSection(SolutionProperties) = preSolution
		HideSolutionNode = FALSE
	EndGlobalSection
	GlobalSection(ExtensibilityGlobals) = postSolution
		SolutionGuid = {46F009D4-4AFD-479D-9D2C-87F3FD9C1E3D}
	EndGlobalSection
EndGlobal
